
Microsoft Visual Studio Solution File, Format Version 12.00
# Visual Studio Version 16
VisualStudioVersion = 25.0.1706.6
MinimumVisualStudioVersion = 10.0.40219.1
Project("{FAE04EC0-301F-11D3-BF4B-00C04F79EFBC}") = "Application", "Application\Application.csproj", "{20024FB0-BB07-492D-8E35-69B8FB54A21C}"
EndProject
Project("{FAE04EC0-301F-11D3-BF4B-00C04F79EFBC}") = "Domain", "Domain\Domain.csproj", "{A1E4D94B-839A-485E-87F9-04EF1EB5B3CF}"
EndProject
Project("{FAE04EC0-301F-11D3-BF4B-00C04F79EFBC}") = "Infrastructure", "Infrastructure\Infrastructure.csproj", "{717527B2-6586-416C-9ED0-406E3452C599}"
EndProject
Project("{FAE04EC0-301F-11D3-BF4B-00C04F79EFBC}") = "Persistence", "Persistence\Persistence.csproj", "{32310DDB-D7C5-4035-B100-1DA7C3DDC83A}"
EndProject
Project("{FAE04EC0-301F-11D3-BF4B-00C04F79EFBC}") = "WebApi", "WebApi\WebApi.csproj", "{2CD6C27E-9FE5-433B-AD0A-E4C51BCC3D1F}"
EndProject
Global
	GlobalSection(SolutionConfigurationPlatforms) = preSolution
		Debug|Any CPU = Debug|Any CPU
		Release|Any CPU = Release|Any CPU
	EndGlobalSection
	GlobalSection(ProjectConfigurationPlatforms) = postSolution
		{20024FB0-BB07-492D-8E35-69B8FB54A21C}.Debug|Any CPU.ActiveCfg = Debug|Any CPU
		{20024FB0-BB07-492D-8E35-69B8FB54A21C}.Debug|Any CPU.Build.0 = Debug|Any CPU
		{20024FB0-BB07-492D-8E35-69B8FB54A21C}.Release|Any CPU.ActiveCfg = Release|Any CPU
		{20024FB0-BB07-492D-8E35-69B8FB54A21C}.Release|Any CPU.Build.0 = Release|Any CPU
		{A1E4D94B-839A-485E-87F9-04EF1EB5B3CF}.Debug|Any CPU.ActiveCfg = Debug|Any CPU
		{A1E4D94B-839A-485E-87F9-04EF1EB5B3CF}.Debug|Any CPU.Build.0 = Debug|Any CPU
		{A1E4D94B-839A-485E-87F9-04EF1EB5B3CF}.Release|Any CPU.ActiveCfg = Release|Any CPU
		{A1E4D94B-839A-485E-87F9-04EF1EB5B3CF}.Release|Any CPU.Build.0 = Release|Any CPU
		{717527B2-6586-416C-9ED0-406E3452C599}.Debug|Any CPU.ActiveCfg = Debug|Any CPU
		{717527B2-6586-416C-9ED0-406E3452C599}.Debug|Any CPU.Build.0 = Debug|Any CPU
		{717527B2-6586-416C-9ED0-406E3452C599}.Release|Any CPU.ActiveCfg = Release|Any CPU
		{717527B2-6586-416C-9ED0-406E3452C599}.Release|Any CPU.Build.0 = Release|Any CPU
		{32310DDB-D7C5-4035-B100-1DA7C3DDC83A}.Debug|Any CPU.ActiveCfg = Debug|Any CPU
		{32310DDB-D7C5-4035-B100-1DA7C3DDC83A}.Debug|Any CPU.Build.0 = Debug|Any CPU
		{32310DDB-D7C5-4035-B100-1DA7C3DDC83A}.Release|Any CPU.ActiveCfg = Release|Any CPU
		{32310DDB-D7C5-4035-B100-1DA7C3DDC83A}.Release|Any CPU.Build.0 = Release|Any CPU
		{2CD6C27E-9FE5-433B-AD0A-E4C51BCC3D1F}.Debug|Any CPU.ActiveCfg = Debug|Any CPU
		{2CD6C27E-9FE5-433B-AD0A-E4C51BCC3D1F}.Debug|Any CPU.Build.0 = Debug|Any CPU
		{2CD6C27E-9FE5-433B-AD0A-E4C51BCC3D1F}.Release|Any CPU.ActiveCfg = Release|Any CPU
		{2CD6C27E-9FE5-433B-AD0A-E4C51BCC3D1F}.Release|Any CPU.Build.0 = Release|Any CPU
	EndGlobalSection
	GlobalSection(SolutionProperties) = preSolution
		HideSolutionNode = FALSE
	EndGlobalSection
	GlobalSection(ExtensibilityGlobals) = postSolution
		SolutionGuid = {E5F4E8D7-5B07-4B79-B9AF-4A18987889F0}
	EndGlobalSection
EndGlobal
